
Microsoft Visual Studio Solution File, Format Version 12.00
# Visual Studio Version 16
VisualStudioVersion = 16.0.32802.440
MinimumVisualStudioVersion = 10.0.40219.1
Project("{8BC9CEB8-8B4A-11D0-8D11-00A0C91BC942}") = "LAB4_SergioCardona_1222419", "LAB4_SergioCardona_1222419\LAB4_SergioCardona_1222419.vcxproj", "{CD231D6E-155E-4FF0-8471-67371C1A3A42}"
EndProject
Global
	GlobalSection(SolutionConfigurationPlatforms) = preSolution
		Debug|x64 = Debug|x64
		Debug|x86 = Debug|x86
		Release|x64 = Release|x64
		Release|x86 = Release|x86
	EndGlobalSection
	GlobalSection(ProjectConfigurationPlatforms) = postSolution
		{CD231D6E-155E-4FF0-8471-67371C1A3A42}.Debug|x64.ActiveCfg = Debug|x64
		{CD231D6E-155E-4FF0-8471-67371C1A3A42}.Debug|x64.Build.0 = Debug|x64
		{CD231D6E-155E-4FF0-8471-67371C1A3A42}.Debug|x86.ActiveCfg = Debug|Win32
		{CD231D6E-155E-4FF0-8471-67371C1A3A42}.Debug|x86.Build.0 = Debug|Win32
		{CD231D6E-155E-4FF0-8471-67371C1A3A42}.Release|x64.ActiveCfg = Release|x64
		{CD231D6E-155E-4FF0-8471-67371C1A3A42}.Release|x64.Build.0 = Release|x64
		{CD231D6E-155E-4FF0-8471-67371C1A3A42}.Release|x86.ActiveCfg = Release|Win32
		{CD231D6E-155E-4FF0-8471-67371C1A3A42}.Release|x86.Build.0 = Release|Win32
	EndGlobalSection
	GlobalSection(SolutionProperties) = preSolution
		HideSolutionNode = FALSE
	EndGlobalSection
	GlobalSection(ExtensibilityGlobals) = postSolution
		SolutionGuid = {86F260A6-55AC-4E77-ACF9-AE5502CD43E3}
	EndGlobalSection
EndGlobal
